// !$*UTF8*$!
{
	archiveVersion = 1;
	classes = {
	};
	objectVersion = 46;
	objects = {

/* Begin PBXBuildFile section */
		75EC727E1BF9B92100A988D5 /* NativeMath.c in Sources */ = {isa = PBXBuildFile; fileRef = 75EC727D1BF9B92100A988D5 /* NativeMath.c */; };
		75FC37A41BFB3E29006825D6 /* lol_trig.cpp in Sources */ = {isa = PBXBuildFile; fileRef = 75FC37A31BFB3E29006825D6 /* lol_trig.cpp */; };
		75FC37A81BFC8FF4006825D6 /* NativeMemory.c in Sources */ = {isa = PBXBuildFile; fileRef = 75FC37A61BFC8FF4006825D6 /* NativeMemory.c */; };
/* End PBXBuildFile section */

/* Begin PBXCopyFilesBuildPhase section */
		75EC726E1BF9B5AE00A988D5 /* CopyFiles */ = {
			isa = PBXCopyFilesBuildPhase;
			buildActionMask = 2147483647;
			dstPath = "include/$(PRODUCT_NAME)";
			dstSubfolderSpec = 16;
			files = (
			);
			runOnlyForDeploymentPostprocessing = 0;
		};
/* End PBXCopyFilesBuildPhase section */

/* Begin PBXFileReference section */
		75EC72701BF9B5AE00A988D5 /* libNativePath.a */ = {isa = PBXFileReference; explicitFileType = archive.ar; includeInIndex = 0; path = libNativePath.a; sourceTree = BUILT_PRODUCTS_DIR; };
		75EC727C1BF9B63D00A988D5 /* NativeMath.h */ = {isa = PBXFileReference; lastKnownFileType = sourcecode.c.h; path = NativeMath.h; sourceTree = "<group>"; };
		75EC727D1BF9B92100A988D5 /* NativeMath.c */ = {isa = PBXFileReference; fileEncoding = 4; lastKnownFileType = sourcecode.c.c; path = NativeMath.c; sourceTree = "<group>"; };
		75EC727F1BF9BC2700A988D5 /* ShaderFastMathLib.h */ = {isa = PBXFileReference; lastKnownFileType = sourcecode.c.h; path = ShaderFastMathLib.h; sourceTree = "<group>"; };
		75FC37A31BFB3E29006825D6 /* lol_trig.cpp */ = {isa = PBXFileReference; fileEncoding = 4; lastKnownFileType = sourcecode.cpp.cpp; path = lol_trig.cpp; sourceTree = "<group>"; };
		75FC37A51BFB3FAA006825D6 /* lol_trig.h */ = {isa = PBXFileReference; lastKnownFileType = sourcecode.c.h; path = lol_trig.h; sourceTree = "<group>"; };
		75FC37A61BFC8FF4006825D6 /* NativeMemory.c */ = {isa = PBXFileReference; fileEncoding = 4; lastKnownFileType = sourcecode.c.c; path = NativeMemory.c; sourceTree = "<group>"; };
		75FC37A71BFC8FF4006825D6 /* NativeMemory.h */ = {isa = PBXFileReference; fileEncoding = 4; lastKnownFileType = sourcecode.c.h; path = NativeMemory.h; sourceTree = "<group>"; };
/* End PBXFileReference section */

/* Begin PBXFrameworksBuildPhase section */
		75EC726D1BF9B5AE00A988D5 /* Frameworks */ = {
			isa = PBXFrameworksBuildPhase;
			buildActionMask = 2147483647;
			files = (
			);
			runOnlyForDeploymentPostprocessing = 0;
		};
/* End PBXFrameworksBuildPhase section */

/* Begin PBXGroup section */
		75EC72671BF9B5AE00A988D5 = {
			isa = PBXGroup;
			children = (
				75EC72721BF9B5AE00A988D5 /* NativePath */,
				75EC72711BF9B5AE00A988D5 /* Products */,
			);
			sourceTree = "<group>";
		};
		75EC72711BF9B5AE00A988D5 /* Products */ = {
			isa = PBXGroup;
			children = (
				75EC72701BF9B5AE00A988D5 /* libNativePath.a */,
			);
			name = Products;
			sourceTree = "<group>";
		};
		75EC72721BF9B5AE00A988D5 /* NativePath */ = {
			isa = PBXGroup;
			children = (
				75EC727C1BF9B63D00A988D5 /* NativeMath.h */,
				75EC727D1BF9B92100A988D5 /* NativeMath.c */,
				75EC727F1BF9BC2700A988D5 /* ShaderFastMathLib.h */,
				75FC37A31BFB3E29006825D6 /* lol_trig.cpp */,
				75FC37A51BFB3FAA006825D6 /* lol_trig.h */,
				75FC37A61BFC8FF4006825D6 /* NativeMemory.c */,
				75FC37A71BFC8FF4006825D6 /* NativeMemory.h */,
			);
			path = NativePath;
			sourceTree = "<group>";
		};
/* End PBXGroup section */

/* Begin PBXNativeTarget section */
		75EC726F1BF9B5AE00A988D5 /* NativePath */ = {
			isa = PBXNativeTarget;
			buildConfigurationList = 75EC72791BF9B5AF00A988D5 /* Build configuration list for PBXNativeTarget "NativePath" */;
			buildPhases = (
				75EC726C1BF9B5AE00A988D5 /* Sources */,
				75EC726D1BF9B5AE00A988D5 /* Frameworks */,
				75EC726E1BF9B5AE00A988D5 /* CopyFiles */,
			);
			buildRules = (
			);
			dependencies = (
			);
			name = NativePath;
			productName = NativePath;
			productReference = 75EC72701BF9B5AE00A988D5 /* libNativePath.a */;
			productType = "com.apple.product-type.library.static";
		};
/* End PBXNativeTarget section */

/* Begin PBXProject section */
		75EC72681BF9B5AE00A988D5 /* Project object */ = {
			isa = PBXProject;
			attributes = {
				LastUpgradeCheck = 0710;
				ORGANIZATIONNAME = Voidtarget;
				TargetAttributes = {
					75EC726F1BF9B5AE00A988D5 = {
						CreatedOnToolsVersion = 7.1.1;
					};
				};
			};
			buildConfigurationList = 75EC726B1BF9B5AE00A988D5 /* Build configuration list for PBXProject "NativePath" */;
			compatibilityVersion = "Xcode 3.2";
			developmentRegion = English;
			hasScannedForEncodings = 0;
			knownRegions = (
				en,
			);
			mainGroup = 75EC72671BF9B5AE00A988D5;
			productRefGroup = 75EC72711BF9B5AE00A988D5 /* Products */;
			projectDirPath = "";
			projectRoot = "";
			targets = (
				75EC726F1BF9B5AE00A988D5 /* NativePath */,
			);
		};
/* End PBXProject section */

/* Begin PBXSourcesBuildPhase section */
		75EC726C1BF9B5AE00A988D5 /* Sources */ = {
			isa = PBXSourcesBuildPhase;
			buildActionMask = 2147483647;
			files = (
				75FC37A41BFB3E29006825D6 /* lol_trig.cpp in Sources */,
				75EC727E1BF9B92100A988D5 /* NativeMath.c in Sources */,
				75FC37A81BFC8FF4006825D6 /* NativeMemory.c in Sources */,
			);
			runOnlyForDeploymentPostprocessing = 0;
		};
/* End PBXSourcesBuildPhase section */

/* Begin XCBuildConfiguration section */
		75EC72771BF9B5AF00A988D5 /* Debug */ = {
			isa = XCBuildConfiguration;
			buildSettings = {
				ALWAYS_SEARCH_USER_PATHS = NO;
				CLANG_CXX_LANGUAGE_STANDARD = "gnu++0x";
				CLANG_CXX_LIBRARY = "libc++";
				CLANG_ENABLE_MODULES = YES;
				CLANG_ENABLE_OBJC_ARC = YES;
				CLANG_WARN_BOOL_CONVERSION = YES;
				CLANG_WARN_CONSTANT_CONVERSION = YES;
				CLANG_WARN_DIRECT_OBJC_ISA_USAGE = YES_ERROR;
				CLANG_WARN_EMPTY_BODY = YES;
				CLANG_WARN_ENUM_CONVERSION = YES;
				CLANG_WARN_INT_CONVERSION = YES;
				CLANG_WARN_OBJC_ROOT_CLASS = YES_ERROR;
				CLANG_WARN_UNREACHABLE_CODE = YES;
				CLANG_WARN__DUPLICATE_METHOD_MATCH = YES;
				"CODE_SIGN_IDENTITY[sdk=iphoneos*]" = "iPhone Developer";
				COPY_PHASE_STRIP = NO;
				DEBUG_INFORMATION_FORMAT = dwarf;
				ENABLE_STRICT_OBJC_MSGSEND = YES;
				ENABLE_TESTABILITY = YES;
				GCC_C_LANGUAGE_STANDARD = gnu99;
				GCC_DYNAMIC_NO_PIC = NO;
				GCC_NO_COMMON_BLOCKS = YES;
				GCC_OPTIMIZATION_LEVEL = 0;
				GCC_PREPROCESSOR_DEFINITIONS = (
					"DEBUG=1",
					"$(inherited)",
				);
				GCC_WARN_64_TO_32_BIT_CONVERSION = YES;
				GCC_WARN_ABOUT_RETURN_TYPE = YES_ERROR;
				GCC_WARN_UNDECLARED_SELECTOR = YES;
				GCC_WARN_UNINITIALIZED_AUTOS = YES_AGGRESSIVE;
				GCC_WARN_UNUSED_FUNCTION = YES;
				GCC_WARN_UNUSED_VARIABLE = YES;
				IPHONEOS_DEPLOYMENT_TARGET = 9.1;
				MTL_ENABLE_DEBUG_INFO = YES;
				ONLY_ACTIVE_ARCH = YES;
				SDKROOT = iphoneos;
			};
			name = Debug;
		};
		75EC72781BF9B5AF00A988D5 /* Release */ = {
			isa = XCBuildConfiguration;
			buildSettings = {
				ALWAYS_SEARCH_USER_PATHS = NO;
				CLANG_CXX_LANGUAGE_STANDARD = "gnu++0x";
				CLANG_CXX_LIBRARY = "libc++";
				CLANG_ENABLE_MODULES = YES;
				CLANG_ENABLE_OBJC_ARC = YES;
				CLANG_WARN_BOOL_CONVERSION = YES;
				CLANG_WARN_CONSTANT_CONVERSION = YES;
				CLANG_WARN_DIRECT_OBJC_ISA_USAGE = YES_ERROR;
				CLANG_WARN_EMPTY_BODY = YES;
				CLANG_WARN_ENUM_CONVERSION = YES;
				CLANG_WARN_INT_CONVERSION = YES;
				CLANG_WARN_OBJC_ROOT_CLASS = YES_ERROR;
				CLANG_WARN_UNREACHABLE_CODE = YES;
				CLANG_WARN__DUPLICATE_METHOD_MATCH = YES;
				"CODE_SIGN_IDENTITY[sdk=iphoneos*]" = "iPhone Developer";
				COPY_PHASE_STRIP = NO;
				DEBUG_INFORMATION_FORMAT = "dwarf-with-dsym";
				ENABLE_NS_ASSERTIONS = NO;
				ENABLE_STRICT_OBJC_MSGSEND = YES;
				GCC_C_LANGUAGE_STANDARD = gnu99;
				GCC_NO_COMMON_BLOCKS = YES;
				GCC_WARN_64_TO_32_BIT_CONVERSION = YES;
				GCC_WARN_ABOUT_RETURN_TYPE = YES_ERROR;
				GCC_WARN_UNDECLARED_SELECTOR = YES;
				GCC_WARN_UNINITIALIZED_AUTOS = YES_AGGRESSIVE;
				GCC_WARN_UNUSED_FUNCTION = YES;
				GCC_WARN_UNUSED_VARIABLE = YES;
				IPHONEOS_DEPLOYMENT_TARGET = 9.1;
				MTL_ENABLE_DEBUG_INFO = NO;
				SDKROOT = iphoneos;
				VALIDATE_PRODUCT = YES;
			};
			name = Release;
		};
		75EC727A1BF9B5AF00A988D5 /* Debug */ = {
			isa = XCBuildConfiguration;
			buildSettings = {
				IPHONEOS_DEPLOYMENT_TARGET = 6.0;
				OTHER_LDFLAGS = "-ObjC";
				PRODUCT_NAME = "$(TARGET_NAME)";
				SKIP_INSTALL = YES;
				TVOS_DEPLOYMENT_TARGET = 9.0;
				WATCHOS_DEPLOYMENT_TARGET = 2.0;
			};
			name = Debug;
		};
		75EC727B1BF9B5AF00A988D5 /* Release */ = {
			isa = XCBuildConfiguration;
			buildSettings = {
				GCC_OPTIMIZATION_LEVEL = 3;
				IPHONEOS_DEPLOYMENT_TARGET = 6.0;
				OTHER_LDFLAGS = "-ObjC";
				PRODUCT_NAME = "$(TARGET_NAME)";
				SKIP_INSTALL = YES;
				TVOS_DEPLOYMENT_TARGET = 9.0;
				WATCHOS_DEPLOYMENT_TARGET = 2.0;
			};
			name = Release;
		};
/* End XCBuildConfiguration section */

/* Begin XCConfigurationList section */
		75EC726B1BF9B5AE00A988D5 /* Build configuration list for PBXProject "NativePath" */ = {
			isa = XCConfigurationList;
			buildConfigurations = (
				75EC72771BF9B5AF00A988D5 /* Debug */,
				75EC72781BF9B5AF00A988D5 /* Release */,
			);
			defaultConfigurationIsVisible = 0;
			defaultConfigurationName = Release;
		};
		75EC72791BF9B5AF00A988D5 /* Build configuration list for PBXNativeTarget "NativePath" */ = {
			isa = XCConfigurationList;
			buildConfigurations = (
				75EC727A1BF9B5AF00A988D5 /* Debug */,
				75EC727B1BF9B5AF00A988D5 /* Release */,
			);
			defaultConfigurationIsVisible = 0;
			defaultConfigurationName = Release;
		};
/* End XCConfigurationList section */
	};
	rootObject = 75EC72681BF9B5AE00A988D5 /* Project object */;
}
